
Microsoft Visual Studio Solution File, Format Version 12.00
# Visual Studio 14
VisualStudioVersion = 14.0.25420.1
MinimumVisualStudioVersion = 10.0.40219.1
Project("{F2A71F9B-5D33-465A-A702-920D77279786}") = "FSharpCourse.Module01", "FSharpCourse.Module01\FSharpCourse.Module01.fsproj", "{4E70E567-E814-43C9-B837-EFA59D8F77E0}"
EndProject
Project("{F2A71F9B-5D33-465A-A702-920D77279786}") = "FSharpCourse.Module02", "FSharpCourse.Module02\FSharpCourse.Module02.fsproj", "{863D9A73-D757-4283-9C00-FBD1059F6898}"
EndProject
Project("{F2A71F9B-5D33-465A-A702-920D77279786}") = "FSharpCourse.Module03", "FSharpCourse.Module03\FSharpCourse.Module03.fsproj", "{4A778AE9-14F0-4B74-AFD4-EC1CA84EE8F7}"
EndProject
Project("{F2A71F9B-5D33-465A-A702-920D77279786}") = "FSharpCourse.Module04", "FSharpCourse.Module04\FSharpCourse.Module04.fsproj", "{E4D2EFD2-D1E3-4B1F-96D3-34D97321D7A4}"
EndProject
Project("{F2A71F9B-5D33-465A-A702-920D77279786}") = "FSharpCourse.Module05", "FSharpCourse.Module05\FSharpCourse.Module05.fsproj", "{A45C0330-9803-4BFE-8B35-490D90441A18}"
EndProject
Project("{F2A71F9B-5D33-465A-A702-920D77279786}") = "FSharpCourse.Module06", "FSharpCourse.Module06\FSharpCourse.Module06.fsproj", "{4B56CFEB-5E27-4670-976B-95A78CD42FF5}"
EndProject
Project("{F2A71F9B-5D33-465A-A702-920D77279786}") = "FSharpCourse.Module07", "FSharpCourse.Module07\FSharpCourse.Module07.fsproj", "{99146D90-BB96-4DD5-BCBB-085F7C6CB0D9}"
EndProject
Project("{F2A71F9B-5D33-465A-A702-920D77279786}") = "FSharpCourse.Module08", "FSharpCourse.Module08\FSharpCourse.Module08.fsproj", "{67B84814-79A3-443C-99F6-AC6CDD43D163}"
EndProject
Project("{F2A71F9B-5D33-465A-A702-920D77279786}") = "FSharpCourse.Module03.ChessTypeProvider", "FSharpCourse.Module03.ChessTypeProvider\FSharpCourse.Module03.ChessTypeProvider.fsproj", "{7A8CA38B-F22E-4866-890E-BE0305785257}"
EndProject
Project("{2150E333-8FDC-42A3-9474-1A3956D46DE8}") = "Exercises", "Exercises", "{0C9344E6-C6AC-492D-855F-CF7817C55D2F}"
EndProject
Project("{F2A71F9B-5D33-465A-A702-920D77279786}") = "FSharpCourse.PokerHands", "FSharpCourse.PokerHands\FSharpCourse.PokerHands.fsproj", "{0E502E15-73DB-45CB-A706-54151CE6F483}"
EndProject
Project("{F2A71F9B-5D33-465A-A702-920D77279786}") = "FSharpCourse.TypeProviders", "FSharpCourse.TypeProviders\FSharpCourse.TypeProviders.fsproj", "{7D27B53F-D728-470D-9EBA-DF53AE1208EA}"
EndProject
Global
	GlobalSection(SolutionConfigurationPlatforms) = preSolution
		Debug|Any CPU = Debug|Any CPU
		Release|Any CPU = Release|Any CPU
	EndGlobalSection
	GlobalSection(ProjectConfigurationPlatforms) = postSolution
		{4E70E567-E814-43C9-B837-EFA59D8F77E0}.Debug|Any CPU.ActiveCfg = Debug|Any CPU
		{4E70E567-E814-43C9-B837-EFA59D8F77E0}.Debug|Any CPU.Build.0 = Debug|Any CPU
		{4E70E567-E814-43C9-B837-EFA59D8F77E0}.Release|Any CPU.ActiveCfg = Release|Any CPU
		{4E70E567-E814-43C9-B837-EFA59D8F77E0}.Release|Any CPU.Build.0 = Release|Any CPU
		{863D9A73-D757-4283-9C00-FBD1059F6898}.Debug|Any CPU.ActiveCfg = Debug|Any CPU
		{863D9A73-D757-4283-9C00-FBD1059F6898}.Debug|Any CPU.Build.0 = Debug|Any CPU
		{863D9A73-D757-4283-9C00-FBD1059F6898}.Release|Any CPU.ActiveCfg = Release|Any CPU
		{863D9A73-D757-4283-9C00-FBD1059F6898}.Release|Any CPU.Build.0 = Release|Any CPU
		{4A778AE9-14F0-4B74-AFD4-EC1CA84EE8F7}.Debug|Any CPU.ActiveCfg = Debug|Any CPU
		{4A778AE9-14F0-4B74-AFD4-EC1CA84EE8F7}.Debug|Any CPU.Build.0 = Debug|Any CPU
		{4A778AE9-14F0-4B74-AFD4-EC1CA84EE8F7}.Release|Any CPU.ActiveCfg = Release|Any CPU
		{4A778AE9-14F0-4B74-AFD4-EC1CA84EE8F7}.Release|Any CPU.Build.0 = Release|Any CPU
		{E4D2EFD2-D1E3-4B1F-96D3-34D97321D7A4}.Debug|Any CPU.ActiveCfg = Debug|Any CPU
		{E4D2EFD2-D1E3-4B1F-96D3-34D97321D7A4}.Debug|Any CPU.Build.0 = Debug|Any CPU
		{E4D2EFD2-D1E3-4B1F-96D3-34D97321D7A4}.Release|Any CPU.ActiveCfg = Release|Any CPU
		{E4D2EFD2-D1E3-4B1F-96D3-34D97321D7A4}.Release|Any CPU.Build.0 = Release|Any CPU
		{A45C0330-9803-4BFE-8B35-490D90441A18}.Debug|Any CPU.ActiveCfg = Debug|Any CPU
		{A45C0330-9803-4BFE-8B35-490D90441A18}.Debug|Any CPU.Build.0 = Debug|Any CPU
		{A45C0330-9803-4BFE-8B35-490D90441A18}.Release|Any CPU.ActiveCfg = Release|Any CPU
		{A45C0330-9803-4BFE-8B35-490D90441A18}.Release|Any CPU.Build.0 = Release|Any CPU
		{4B56CFEB-5E27-4670-976B-95A78CD42FF5}.Debug|Any CPU.ActiveCfg = Debug|Any CPU
		{4B56CFEB-5E27-4670-976B-95A78CD42FF5}.Debug|Any CPU.Build.0 = Debug|Any CPU
		{4B56CFEB-5E27-4670-976B-95A78CD42FF5}.Release|Any CPU.ActiveCfg = Release|Any CPU
		{4B56CFEB-5E27-4670-976B-95A78CD42FF5}.Release|Any CPU.Build.0 = Release|Any CPU
		{99146D90-BB96-4DD5-BCBB-085F7C6CB0D9}.Debug|Any CPU.ActiveCfg = Debug|Any CPU
		{99146D90-BB96-4DD5-BCBB-085F7C6CB0D9}.Debug|Any CPU.Build.0 = Debug|Any CPU
		{99146D90-BB96-4DD5-BCBB-085F7C6CB0D9}.Release|Any CPU.ActiveCfg = Release|Any CPU
		{99146D90-BB96-4DD5-BCBB-085F7C6CB0D9}.Release|Any CPU.Build.0 = Release|Any CPU
		{67B84814-79A3-443C-99F6-AC6CDD43D163}.Debug|Any CPU.ActiveCfg = Debug|Any CPU
		{67B84814-79A3-443C-99F6-AC6CDD43D163}.Debug|Any CPU.Build.0 = Debug|Any CPU
		{67B84814-79A3-443C-99F6-AC6CDD43D163}.Release|Any CPU.ActiveCfg = Release|Any CPU
		{67B84814-79A3-443C-99F6-AC6CDD43D163}.Release|Any CPU.Build.0 = Release|Any CPU
		{7A8CA38B-F22E-4866-890E-BE0305785257}.Debug|Any CPU.ActiveCfg = Debug|Any CPU
		{7A8CA38B-F22E-4866-890E-BE0305785257}.Release|Any CPU.ActiveCfg = Release|Any CPU
		{7A8CA38B-F22E-4866-890E-BE0305785257}.Release|Any CPU.Build.0 = Release|Any CPU
		{0E502E15-73DB-45CB-A706-54151CE6F483}.Debug|Any CPU.ActiveCfg = Debug|Any CPU
		{0E502E15-73DB-45CB-A706-54151CE6F483}.Debug|Any CPU.Build.0 = Debug|Any CPU
		{0E502E15-73DB-45CB-A706-54151CE6F483}.Release|Any CPU.ActiveCfg = Release|Any CPU
		{0E502E15-73DB-45CB-A706-54151CE6F483}.Release|Any CPU.Build.0 = Release|Any CPU
		{7D27B53F-D728-470D-9EBA-DF53AE1208EA}.Debug|Any CPU.ActiveCfg = Debug|Any CPU
		{7D27B53F-D728-470D-9EBA-DF53AE1208EA}.Debug|Any CPU.Build.0 = Debug|Any CPU
		{7D27B53F-D728-470D-9EBA-DF53AE1208EA}.Release|Any CPU.ActiveCfg = Release|Any CPU
		{7D27B53F-D728-470D-9EBA-DF53AE1208EA}.Release|Any CPU.Build.0 = Release|Any CPU
	EndGlobalSection
	GlobalSection(SolutionProperties) = preSolution
		HideSolutionNode = FALSE
	EndGlobalSection
	GlobalSection(NestedProjects) = preSolution
		{7A8CA38B-F22E-4866-890E-BE0305785257} = {0C9344E6-C6AC-492D-855F-CF7817C55D2F}
		{0E502E15-73DB-45CB-A706-54151CE6F483} = {0C9344E6-C6AC-492D-855F-CF7817C55D2F}
		{7D27B53F-D728-470D-9EBA-DF53AE1208EA} = {0C9344E6-C6AC-492D-855F-CF7817C55D2F}
	EndGlobalSection
EndGlobal
